
Microsoft Visual Studio Solution File, Format Version 12.00
# Visual Studio Version 17
VisualStudioVersion = 17.14.36127.28 d17.14
MinimumVisualStudioVersion = 10.0.40219.1
Project("{FAE04EC0-301F-11D3-BF4B-00C04F79EFBC}") = "VersionControlAPI_Shawn", "VersionControlAPI_Shawn\VersionControlAPI_Shawn.csproj", "{F4F03A11-F33A-4A9D-B4C4-A046E7961173}"
EndProject
Global
	GlobalSection(SolutionConfigurationPlatforms) = preSolution
		Debug|Any CPU = Debug|Any CPU
		Release|Any CPU = Release|Any CPU
	EndGlobalSection
	GlobalSection(ProjectConfigurationPlatforms) = postSolution
		{F4F03A11-F33A-4A9D-B4C4-A046E7961173}.Debug|Any CPU.ActiveCfg = Debug|Any CPU
		{F4F03A11-F33A-4A9D-B4C4-A046E7961173}.Debug|Any CPU.Build.0 = Debug|Any CPU
		{F4F03A11-F33A-4A9D-B4C4-A046E7961173}.Release|Any CPU.ActiveCfg = Release|Any CPU
		{F4F03A11-F33A-4A9D-B4C4-A046E7961173}.Release|Any CPU.Build.0 = Release|Any CPU
	EndGlobalSection
	GlobalSection(SolutionProperties) = preSolution
		HideSolutionNode = FALSE
	EndGlobalSection
	GlobalSection(ExtensibilityGlobals) = postSolution
		SolutionGuid = {8B7C8900-D3D1-458C-8387-BAB5C92BF6B4}
	EndGlobalSection
EndGlobal
